// !$*UTF8*$!
{
	archiveVersion = 1;
	classes = {
	};
	objectVersion = 50;
	objects = {

/* Begin PBXBuildFile section */
		144550B925C0593200BE37FD /* AppDelegate.swift in Sources */ = {isa = PBXBuildFile; fileRef = 144550B825C0593200BE37FD /* AppDelegate.swift */; };
		144550BB25C0593200BE37FD /* SceneDelegate.swift in Sources */ = {isa = PBXBuildFile; fileRef = 144550BA25C0593200BE37FD /* SceneDelegate.swift */; };
		144550BD25C0593200BE37FD /* ViewController.swift in Sources */ = {isa = PBXBuildFile; fileRef = 144550BC25C0593200BE37FD /* ViewController.swift */; };
		144550C025C0593200BE37FD /* Main.storyboard in Resources */ = {isa = PBXBuildFile; fileRef = 144550BE25C0593200BE37FD /* Main.storyboard */; };
		144550C325C0593200BE37FD /* JustDesign.xcdatamodeld in Sources */ = {isa = PBXBuildFile; fileRef = 144550C125C0593200BE37FD /* JustDesign.xcdatamodeld */; };
		144550C525C0593500BE37FD /* Assets.xcassets in Resources */ = {isa = PBXBuildFile; fileRef = 144550C425C0593500BE37FD /* Assets.xcassets */; };
		144550C825C0593500BE37FD /* LaunchScreen.storyboard in Resources */ = {isa = PBXBuildFile; fileRef = 144550C625C0593500BE37FD /* LaunchScreen.storyboard */; };
		144550D325C0593500BE37FD /* JustDesignTests.swift in Sources */ = {isa = PBXBuildFile; fileRef = 144550D225C0593500BE37FD /* JustDesignTests.swift */; };
		144550DE25C0593600BE37FD /* JustDesignUITests.swift in Sources */ = {isa = PBXBuildFile; fileRef = 144550DD25C0593600BE37FD /* JustDesignUITests.swift */; };
		144550F025C0949000BE37FD /* Sofia in Resources */ = {isa = PBXBuildFile; fileRef = 144550EF25C0949000BE37FD /* Sofia */; };
		1474A46A25C6FD5300F3ED60 /* customLabel.swift in Sources */ = {isa = PBXBuildFile; fileRef = 1474A46925C6FD5300F3ED60 /* customLabel.swift */; };
/* End PBXBuildFile section */

/* Begin PBXContainerItemProxy section */
		144550CF25C0593500BE37FD /* PBXContainerItemProxy */ = {
			isa = PBXContainerItemProxy;
			containerPortal = 144550AD25C0593100BE37FD /* Project object */;
			proxyType = 1;
			remoteGlobalIDString = 144550B425C0593200BE37FD;
			remoteInfo = JustDesign;
		};
		144550DA25C0593600BE37FD /* PBXContainerItemProxy */ = {
			isa = PBXContainerItemProxy;
			containerPortal = 144550AD25C0593100BE37FD /* Project object */;
			proxyType = 1;
			remoteGlobalIDString = 144550B425C0593200BE37FD;
			remoteInfo = JustDesign;
		};
/* End PBXContainerItemProxy section */

/* Begin PBXFileReference section */
		144550B525C0593200BE37FD /* JustDesign.app */ = {isa = PBXFileReference; explicitFileType = wrapper.application; includeInIndex = 0; path = JustDesign.app; sourceTree = BUILT_PRODUCTS_DIR; };
		144550B825C0593200BE37FD /* AppDelegate.swift */ = {isa = PBXFileReference; lastKnownFileType = sourcecode.swift; path = AppDelegate.swift; sourceTree = "<group>"; };
		144550BA25C0593200BE37FD /* SceneDelegate.swift */ = {isa = PBXFileReference; lastKnownFileType = sourcecode.swift; path = SceneDelegate.swift; sourceTree = "<group>"; };
		144550BC25C0593200BE37FD /* ViewController.swift */ = {isa = PBXFileReference; lastKnownFileType = sourcecode.swift; path = ViewController.swift; sourceTree = "<group>"; };
		144550BF25C0593200BE37FD /* Base */ = {isa = PBXFileReference; lastKnownFileType = file.storyboard; name = Base; path = Base.lproj/Main.storyboard; sourceTree = "<group>"; };
		144550C225C0593200BE37FD /* JustDesign.xcdatamodel */ = {isa = PBXFileReference; lastKnownFileType = wrapper.xcdatamodel; path = JustDesign.xcdatamodel; sourceTree = "<group>"; };
		144550C425C0593500BE37FD /* Assets.xcassets */ = {isa = PBXFileReference; lastKnownFileType = folder.assetcatalog; path = Assets.xcassets; sourceTree = "<group>"; };
		144550C725C0593500BE37FD /* Base */ = {isa = PBXFileReference; lastKnownFileType = file.storyboard; name = Base; path = Base.lproj/LaunchScreen.storyboard; sourceTree = "<group>"; };
		144550C925C0593500BE37FD /* Info.plist */ = {isa = PBXFileReference; lastKnownFileType = text.plist.xml; path = Info.plist; sourceTree = "<group>"; };
		144550CE25C0593500BE37FD /* JustDesignTests.xctest */ = {isa = PBXFileReference; explicitFileType = wrapper.cfbundle; includeInIndex = 0; path = JustDesignTests.xctest; sourceTree = BUILT_PRODUCTS_DIR; };
		144550D225C0593500BE37FD /* JustDesignTests.swift */ = {isa = PBXFileReference; lastKnownFileType = sourcecode.swift; path = JustDesignTests.swift; sourceTree = "<group>"; };
		144550D425C0593500BE37FD /* Info.plist */ = {isa = PBXFileReference; lastKnownFileType = text.plist.xml; path = Info.plist; sourceTree = "<group>"; };
		144550D925C0593600BE37FD /* JustDesignUITests.xctest */ = {isa = PBXFileReference; explicitFileType = wrapper.cfbundle; includeInIndex = 0; path = JustDesignUITests.xctest; sourceTree = BUILT_PRODUCTS_DIR; };
		144550DD25C0593600BE37FD /* JustDesignUITests.swift */ = {isa = PBXFileReference; lastKnownFileType = sourcecode.swift; path = JustDesignUITests.swift; sourceTree = "<group>"; };
		144550DF25C0593600BE37FD /* Info.plist */ = {isa = PBXFileReference; lastKnownFileType = text.plist.xml; path = Info.plist; sourceTree = "<group>"; };
		144550EF25C0949000BE37FD /* Sofia */ = {isa = PBXFileReference; lastKnownFileType = folder; path = Sofia; sourceTree = "<group>"; };
		1474A46925C6FD5300F3ED60 /* customLabel.swift */ = {isa = PBXFileReference; lastKnownFileType = sourcecode.swift; path = customLabel.swift; sourceTree = "<group>"; };
/* End PBXFileReference section */

/* Begin PBXFrameworksBuildPhase section */
		144550B225C0593200BE37FD /* Frameworks */ = {
			isa = PBXFrameworksBuildPhase;
			buildActionMask = 2147483647;
			files = (
			);
			runOnlyForDeploymentPostprocessing = 0;
		};
		144550CB25C0593500BE37FD /* Frameworks */ = {
			isa = PBXFrameworksBuildPhase;
			buildActionMask = 2147483647;
			files = (
			);
			runOnlyForDeploymentPostprocessing = 0;
		};
		144550D625C0593600BE37FD /* Frameworks */ = {
			isa = PBXFrameworksBuildPhase;
			buildActionMask = 2147483647;
			files = (
			);
			runOnlyForDeploymentPostprocessing = 0;
		};
/* End PBXFrameworksBuildPhase section */

/* Begin PBXGroup section */
		144550AC25C0593100BE37FD = {
			isa = PBXGroup;
			children = (
				144550B725C0593200BE37FD /* JustDesign */,
				144550EE25C0918000BE37FD /* Fonts */,
				144550D125C0593500BE37FD /* JustDesignTests */,
				144550DC25C0593600BE37FD /* JustDesignUITests */,
				144550B625C0593200BE37FD /* Products */,
			);
			sourceTree = "<group>";
		};
		144550B625C0593200BE37FD /* Products */ = {
			isa = PBXGroup;
			children = (
				144550B525C0593200BE37FD /* JustDesign.app */,
				144550CE25C0593500BE37FD /* JustDesignTests.xctest */,
				144550D925C0593600BE37FD /* JustDesignUITests.xctest */,
			);
			name = Products;
			sourceTree = "<group>";
		};
		144550B725C0593200BE37FD /* JustDesign */ = {
			isa = PBXGroup;
			children = (
				144550B825C0593200BE37FD /* AppDelegate.swift */,
				144550BA25C0593200BE37FD /* SceneDelegate.swift */,
				144550BC25C0593200BE37FD /* ViewController.swift */,
				144550BE25C0593200BE37FD /* Main.storyboard */,
				1474A46925C6FD5300F3ED60 /* customLabel.swift */,
				144550C425C0593500BE37FD /* Assets.xcassets */,
				144550C625C0593500BE37FD /* LaunchScreen.storyboard */,
				144550C925C0593500BE37FD /* Info.plist */,
				144550C125C0593200BE37FD /* JustDesign.xcdatamodeld */,
			);
			path = JustDesign;
			sourceTree = "<group>";
		};
		144550D125C0593500BE37FD /* JustDesignTests */ = {
			isa = PBXGroup;
			children = (
				144550D225C0593500BE37FD /* JustDesignTests.swift */,
				144550D425C0593500BE37FD /* Info.plist */,
			);
			path = JustDesignTests;
			sourceTree = "<group>";
		};
		144550DC25C0593600BE37FD /* JustDesignUITests */ = {
			isa = PBXGroup;
			children = (
				144550DD25C0593600BE37FD /* JustDesignUITests.swift */,
				144550DF25C0593600BE37FD /* Info.plist */,
			);
			path = JustDesignUITests;
			sourceTree = "<group>";
		};
		144550EE25C0918000BE37FD /* Fonts */ = {
			isa = PBXGroup;
			children = (
				144550EF25C0949000BE37FD /* Sofia */,
			);
			path = Fonts;
			sourceTree = "<group>";
		};
/* End PBXGroup section */

/* Begin PBXNativeTarget section */
		144550B425C0593200BE37FD /* JustDesign */ = {
			isa = PBXNativeTarget;
			buildConfigurationList = 144550E225C0593600BE37FD /* Build configuration list for PBXNativeTarget "JustDesign" */;
			buildPhases = (
				144550B125C0593200BE37FD /* Sources */,
				144550B225C0593200BE37FD /* Frameworks */,
				144550B325C0593200BE37FD /* Resources */,
			);
			buildRules = (
			);
			dependencies = (
			);
			name = JustDesign;
			productName = JustDesign;
			productReference = 144550B525C0593200BE37FD /* JustDesign.app */;
			productType = "com.apple.product-type.application";
		};
		144550CD25C0593500BE37FD /* JustDesignTests */ = {
			isa = PBXNativeTarget;
			buildConfigurationList = 144550E525C0593600BE37FD /* Build configuration list for PBXNativeTarget "JustDesignTests" */;
			buildPhases = (
				144550CA25C0593500BE37FD /* Sources */,
				144550CB25C0593500BE37FD /* Frameworks */,
				144550CC25C0593500BE37FD /* Resources */,
			);
			buildRules = (
			);
			dependencies = (
				144550D025C0593500BE37FD /* PBXTargetDependency */,
			);
			name = JustDesignTests;
			productName = JustDesignTests;
			productReference = 144550CE25C0593500BE37FD /* JustDesignTests.xctest */;
			productType = "com.apple.product-type.bundle.unit-test";
		};
		144550D825C0593600BE37FD /* JustDesignUITests */ = {
			isa = PBXNativeTarget;
			buildConfigurationList = 144550E825C0593600BE37FD /* Build configuration list for PBXNativeTarget "JustDesignUITests" */;
			buildPhases = (
				144550D525C0593600BE37FD /* Sources */,
				144550D625C0593600BE37FD /* Frameworks */,
				144550D725C0593600BE37FD /* Resources */,
			);
			buildRules = (
			);
			dependencies = (
				144550DB25C0593600BE37FD /* PBXTargetDependency */,
			);
			name = JustDesignUITests;
			productName = JustDesignUITests;
			productReference = 144550D925C0593600BE37FD /* JustDesignUITests.xctest */;
			productType = "com.apple.product-type.bundle.ui-testing";
		};
/* End PBXNativeTarget section */

/* Begin PBXProject section */
		144550AD25C0593100BE37FD /* Project object */ = {
			isa = PBXProject;
			attributes = {
				LastSwiftUpdateCheck = 1230;
				LastUpgradeCheck = 1230;
				TargetAttributes = {
					144550B425C0593200BE37FD = {
						CreatedOnToolsVersion = 12.3;
					};
					144550CD25C0593500BE37FD = {
						CreatedOnToolsVersion = 12.3;
						TestTargetID = 144550B425C0593200BE37FD;
					};
					144550D825C0593600BE37FD = {
						CreatedOnToolsVersion = 12.3;
						TestTargetID = 144550B425C0593200BE37FD;
					};
				};
			};
			buildConfigurationList = 144550B025C0593100BE37FD /* Build configuration list for PBXProject "JustDesign" */;
			compatibilityVersion = "Xcode 9.3";
			developmentRegion = en;
			hasScannedForEncodings = 0;
			knownRegions = (
				en,
				Base,
			);
			mainGroup = 144550AC25C0593100BE37FD;
			productRefGroup = 144550B625C0593200BE37FD /* Products */;
			projectDirPath = "";
			projectRoot = "";
			targets = (
				144550B425C0593200BE37FD /* JustDesign */,
				144550CD25C0593500BE37FD /* JustDesignTests */,
				144550D825C0593600BE37FD /* JustDesignUITests */,
			);
		};
/* End PBXProject section */

/* Begin PBXResourcesBuildPhase section */
		144550B325C0593200BE37FD /* Resources */ = {
			isa = PBXResourcesBuildPhase;
			buildActionMask = 2147483647;
			files = (
				144550C825C0593500BE37FD /* LaunchScreen.storyboard in Resources */,
				144550C525C0593500BE37FD /* Assets.xcassets in Resources */,
				144550C025C0593200BE37FD /* Main.storyboard in Resources */,
				144550F025C0949000BE37FD /* Sofia in Resources */,
			);
			runOnlyForDeploymentPostprocessing = 0;
		};
		144550CC25C0593500BE37FD /* Resources */ = {
			isa = PBXResourcesBuildPhase;
			buildActionMask = 2147483647;
			files = (
			);
			runOnlyForDeploymentPostprocessing = 0;
		};
		144550D725C0593600BE37FD /* Resources */ = {
			isa = PBXResourcesBuildPhase;
			buildActionMask = 2147483647;
			files = (
			);
			runOnlyForDeploymentPostprocessing = 0;
		};
/* End PBXResourcesBuildPhase section */

/* Begin PBXSourcesBuildPhase section */
		144550B125C0593200BE37FD /* Sources */ = {
			isa = PBXSourcesBuildPhase;
			buildActionMask = 2147483647;
			files = (
				1474A46A25C6FD5300F3ED60 /* customLabel.swift in Sources */,
				144550BD25C0593200BE37FD /* ViewController.swift in Sources */,
				144550B925C0593200BE37FD /* AppDelegate.swift in Sources */,
				144550BB25C0593200BE37FD /* SceneDelegate.swift in Sources */,
				144550C325C0593200BE37FD /* JustDesign.xcdatamodeld in Sources */,
			);
			runOnlyForDeploymentPostprocessing = 0;
		};
		144550CA25C0593500BE37FD /* Sources */ = {
			isa = PBXSourcesBuildPhase;
			buildActionMask = 2147483647;
			files = (
				144550D325C0593500BE37FD /* JustDesignTests.swift in Sources */,
			);
			runOnlyForDeploymentPostprocessing = 0;
		};
		144550D525C0593600BE37FD /* Sources */ = {
			isa = PBXSourcesBuildPhase;
			buildActionMask = 2147483647;
			files = (
				144550DE25C0593600BE37FD /* JustDesignUITests.swift in Sources */,
			);
			runOnlyForDeploymentPostprocessing = 0;
		};
/* End PBXSourcesBuildPhase section */

/* Begin PBXTargetDependency section */
		144550D025C0593500BE37FD /* PBXTargetDependency */ = {
			isa = PBXTargetDependency;
			target = 144550B425C0593200BE37FD /* JustDesign */;
			targetProxy = 144550CF25C0593500BE37FD /* PBXContainerItemProxy */;
		};
		144550DB25C0593600BE37FD /* PBXTargetDependency */ = {
			isa = PBXTargetDependency;
			target = 144550B425C0593200BE37FD /* JustDesign */;
			targetProxy = 144550DA25C0593600BE37FD /* PBXContainerItemProxy */;
		};
/* End PBXTargetDependency section */

/* Begin PBXVariantGroup section */
		144550BE25C0593200BE37FD /* Main.storyboard */ = {
			isa = PBXVariantGroup;
			children = (
				144550BF25C0593200BE37FD /* Base */,
			);
			name = Main.storyboard;
			sourceTree = "<group>";
		};
		144550C625C0593500BE37FD /* LaunchScreen.storyboard */ = {
			isa = PBXVariantGroup;
			children = (
				144550C725C0593500BE37FD /* Base */,
			);
			name = LaunchScreen.storyboard;
			sourceTree = "<group>";
		};
/* End PBXVariantGroup section */

/* Begin XCBuildConfiguration section */
		144550E025C0593600BE37FD /* Debug */ = {
			isa = XCBuildConfiguration;
			buildSettings = {
				ALWAYS_SEARCH_USER_PATHS = NO;
				CLANG_ANALYZER_NONNULL = YES;
				CLANG_ANALYZER_NUMBER_OBJECT_CONVERSION = YES_AGGRESSIVE;
				CLANG_CXX_LANGUAGE_STANDARD = "gnu++14";
				CLANG_CXX_LIBRARY = "libc++";
				CLANG_ENABLE_MODULES = YES;
				CLANG_ENABLE_OBJC_ARC = YES;
				CLANG_ENABLE_OBJC_WEAK = YES;
				CLANG_WARN_BLOCK_CAPTURE_AUTORELEASING = YES;
				CLANG_WARN_BOOL_CONVERSION = YES;
				CLANG_WARN_COMMA = YES;
				CLANG_WARN_CONSTANT_CONVERSION = YES;
				CLANG_WARN_DEPRECATED_OBJC_IMPLEMENTATIONS = YES;
				CLANG_WARN_DIRECT_OBJC_ISA_USAGE = YES_ERROR;
				CLANG_WARN_DOCUMENTATION_COMMENTS = YES;
				CLANG_WARN_EMPTY_BODY = YES;
				CLANG_WARN_ENUM_CONVERSION = YES;
				CLANG_WARN_INFINITE_RECURSION = YES;
				CLANG_WARN_INT_CONVERSION = YES;
				CLANG_WARN_NON_LITERAL_NULL_CONVERSION = YES;
				CLANG_WARN_OBJC_IMPLICIT_RETAIN_SELF = YES;
				CLANG_WARN_OBJC_LITERAL_CONVERSION = YES;
				CLANG_WARN_OBJC_ROOT_CLASS = YES_ERROR;
				CLANG_WARN_QUOTED_INCLUDE_IN_FRAMEWORK_HEADER = YES;
				CLANG_WARN_RANGE_LOOP_ANALYSIS = YES;
				CLANG_WARN_STRICT_PROTOTYPES = YES;
				CLANG_WARN_SUSPICIOUS_MOVE = YES;
				CLANG_WARN_UNGUARDED_AVAILABILITY = YES_AGGRESSIVE;
				CLANG_WARN_UNREACHABLE_CODE = YES;
				CLANG_WARN__DUPLICATE_METHOD_MATCH = YES;
				COPY_PHASE_STRIP = NO;
				DEBUG_INFORMATION_FORMAT = dwarf;
				ENABLE_STRICT_OBJC_MSGSEND = YES;
				ENABLE_TESTABILITY = YES;
				GCC_C_LANGUAGE_STANDARD = gnu11;
				GCC_DYNAMIC_NO_PIC = NO;
				GCC_NO_COMMON_BLOCKS = YES;
				GCC_OPTIMIZATION_LEVEL = 0;
				GCC_PREPROCESSOR_DEFINITIONS = (
					"DEBUG=1",
					"$(inherited)",
				);
				GCC_WARN_64_TO_32_BIT_CONVERSION = YES;
				GCC_WARN_ABOUT_RETURN_TYPE = YES_ERROR;
				GCC_WARN_UNDECLARED_SELECTOR = YES;
				GCC_WARN_UNINITIALIZED_AUTOS = YES_AGGRESSIVE;
				GCC_WARN_UNUSED_FUNCTION = YES;
				GCC_WARN_UNUSED_VARIABLE = YES;
				IPHONEOS_DEPLOYMENT_TARGET = 14.3;
				MTL_ENABLE_DEBUG_INFO = INCLUDE_SOURCE;
				MTL_FAST_MATH = YES;
				ONLY_ACTIVE_ARCH = YES;
				SDKROOT = iphoneos;
				SWIFT_ACTIVE_COMPILATION_CONDITIONS = DEBUG;
				SWIFT_OPTIMIZATION_LEVEL = "-Onone";
			};
			name = Debug;
		};
		144550E125C0593600BE37FD /* Release */ = {
			isa = XCBuildConfiguration;
			buildSettings = {
				ALWAYS_SEARCH_USER_PATHS = NO;
				CLANG_ANALYZER_NONNULL = YES;
				CLANG_ANALYZER_NUMBER_OBJECT_CONVERSION = YES_AGGRESSIVE;
				CLANG_CXX_LANGUAGE_STANDARD = "gnu++14";
				CLANG_CXX_LIBRARY = "libc++";
				CLANG_ENABLE_MODULES = YES;
				CLANG_ENABLE_OBJC_ARC = YES;
				CLANG_ENABLE_OBJC_WEAK = YES;
				CLANG_WARN_BLOCK_CAPTURE_AUTORELEASING = YES;
				CLANG_WARN_BOOL_CONVERSION = YES;
				CLANG_WARN_COMMA = YES;
				CLANG_WARN_CONSTANT_CONVERSION = YES;
				CLANG_WARN_DEPRECATED_OBJC_IMPLEMENTATIONS = YES;
				CLANG_WARN_DIRECT_OBJC_ISA_USAGE = YES_ERROR;
				CLANG_WARN_DOCUMENTATION_COMMENTS = YES;
				CLANG_WARN_EMPTY_BODY = YES;
				CLANG_WARN_ENUM_CONVERSION = YES;
				CLANG_WARN_INFINITE_RECURSION = YES;
				CLANG_WARN_INT_CONVERSION = YES;
				CLANG_WARN_NON_LITERAL_NULL_CONVERSION = YES;
				CLANG_WARN_OBJC_IMPLICIT_RETAIN_SELF = YES;
				CLANG_WARN_OBJC_LITERAL_CONVERSION = YES;
				CLANG_WARN_OBJC_ROOT_CLASS = YES_ERROR;
				CLANG_WARN_QUOTED_INCLUDE_IN_FRAMEWORK_HEADER = YES;
				CLANG_WARN_RANGE_LOOP_ANALYSIS = YES;
				CLANG_WARN_STRICT_PROTOTYPES = YES;
				CLANG_WARN_SUSPICIOUS_MOVE = YES;
				CLANG_WARN_UNGUARDED_AVAILABILITY = YES_AGGRESSIVE;
				CLANG_WARN_UNREACHABLE_CODE = YES;
				CLANG_WARN__DUPLICATE_METHOD_MATCH = YES;
				COPY_PHASE_STRIP = NO;
				DEBUG_INFORMATION_FORMAT = "dwarf-with-dsym";
				ENABLE_NS_ASSERTIONS = NO;
				ENABLE_STRICT_OBJC_MSGSEND = YES;
				GCC_C_LANGUAGE_STANDARD = gnu11;
				GCC_NO_COMMON_BLOCKS = YES;
				GCC_WARN_64_TO_32_BIT_CONVERSION = YES;
				GCC_WARN_ABOUT_RETURN_TYPE = YES_ERROR;
				GCC_WARN_UNDECLARED_SELECTOR = YES;
				GCC_WARN_UNINITIALIZED_AUTOS = YES_AGGRESSIVE;
				GCC_WARN_UNUSED_FUNCTION = YES;
				GCC_WARN_UNUSED_VARIABLE = YES;
				IPHONEOS_DEPLOYMENT_TARGET = 14.3;
				MTL_ENABLE_DEBUG_INFO = NO;
				MTL_FAST_MATH = YES;
				SDKROOT = iphoneos;
				SWIFT_COMPILATION_MODE = wholemodule;
				SWIFT_OPTIMIZATION_LEVEL = "-O";
				VALIDATE_PRODUCT = YES;
			};
			name = Release;
		};
		144550E325C0593600BE37FD /* Debug */ = {
			isa = XCBuildConfiguration;
			buildSettings = {
				ASSETCATALOG_COMPILER_APPICON_NAME = AppIcon;
				ASSETCATALOG_COMPILER_GLOBAL_ACCENT_COLOR_NAME = AccentColor;
				CODE_SIGN_STYLE = Automatic;
				DEVELOPMENT_TEAM = 25K6KWYMFR;
				INFOPLIST_FILE = JustDesign/Info.plist;
				LD_RUNPATH_SEARCH_PATHS = (
					"$(inherited)",
					"@executable_path/Frameworks",
				);
				PRODUCT_BUNDLE_IDENTIFIER = co.cAL.JustDesign;
				PRODUCT_NAME = "$(TARGET_NAME)";
				SWIFT_VERSION = 5.0;
				TARGETED_DEVICE_FAMILY = "1,2";
			};
			name = Debug;
		};
		144550E425C0593600BE37FD /* Release */ = {
			isa = XCBuildConfiguration;
			buildSettings = {
				ASSETCATALOG_COMPILER_APPICON_NAME = AppIcon;
				ASSETCATALOG_COMPILER_GLOBAL_ACCENT_COLOR_NAME = AccentColor;
				CODE_SIGN_STYLE = Automatic;
				DEVELOPMENT_TEAM = 25K6KWYMFR;
				INFOPLIST_FILE = JustDesign/Info.plist;
				LD_RUNPATH_SEARCH_PATHS = (
					"$(inherited)",
					"@executable_path/Frameworks",
				);
				PRODUCT_BUNDLE_IDENTIFIER = co.cAL.JustDesign;
				PRODUCT_NAME = "$(TARGET_NAME)";
				SWIFT_VERSION = 5.0;
				TARGETED_DEVICE_FAMILY = "1,2";
			};
			name = Release;
		};
		144550E625C0593600BE37FD /* Debug */ = {
			isa = XCBuildConfiguration;
			buildSettings = {
				ALWAYS_EMBED_SWIFT_STANDARD_LIBRARIES = YES;
				BUNDLE_LOADER = "$(TEST_HOST)";
				CODE_SIGN_STYLE = Automatic;
				DEVELOPMENT_TEAM = 25K6KWYMFR;
				INFOPLIST_FILE = JustDesignTests/Info.plist;
				IPHONEOS_DEPLOYMENT_TARGET = 14.3;
				LD_RUNPATH_SEARCH_PATHS = (
					"$(inherited)",
					"@executable_path/Frameworks",
					"@loader_path/Frameworks",
				);
				PRODUCT_BUNDLE_IDENTIFIER = co.cAL.JustDesignTests;
				PRODUCT_NAME = "$(TARGET_NAME)";
				SWIFT_VERSION = 5.0;
				TARGETED_DEVICE_FAMILY = "1,2";
				TEST_HOST = "$(BUILT_PRODUCTS_DIR)/JustDesign.app/JustDesign";
			};
			name = Debug;
		};
		144550E725C0593600BE37FD /* Release */ = {
			isa = XCBuildConfiguration;
			buildSettings = {
				ALWAYS_EMBED_SWIFT_STANDARD_LIBRARIES = YES;
				BUNDLE_LOADER = "$(TEST_HOST)";
				CODE_SIGN_STYLE = Automatic;
				DEVELOPMENT_TEAM = 25K6KWYMFR;
				INFOPLIST_FILE = JustDesignTests/Info.plist;
				IPHONEOS_DEPLOYMENT_TARGET = 14.3;
				LD_RUNPATH_SEARCH_PATHS = (
					"$(inherited)",
					"@executable_path/Frameworks",
					"@loader_path/Frameworks",
				);
				PRODUCT_BUNDLE_IDENTIFIER = co.cAL.JustDesignTests;
				PRODUCT_NAME = "$(TARGET_NAME)";
				SWIFT_VERSION = 5.0;
				TARGETED_DEVICE_FAMILY = "1,2";
				TEST_HOST = "$(BUILT_PRODUCTS_DIR)/JustDesign.app/JustDesign";
			};
			name = Release;
		};
		144550E925C0593600BE37FD /* Debug */ = {
			isa = XCBuildConfiguration;
			buildSettings = {
				ALWAYS_EMBED_SWIFT_STANDARD_LIBRARIES = YES;
				CODE_SIGN_STYLE = Automatic;
				DEVELOPMENT_TEAM = 25K6KWYMFR;
				INFOPLIST_FILE = JustDesignUITests/Info.plist;
				LD_RUNPATH_SEARCH_PATHS = (
					"$(inherited)",
					"@executable_path/Frameworks",
					"@loader_path/Frameworks",
				);
				PRODUCT_BUNDLE_IDENTIFIER = co.cAL.JustDesignUITests;
				PRODUCT_NAME = "$(TARGET_NAME)";
				SWIFT_VERSION = 5.0;
				TARGETED_DEVICE_FAMILY = "1,2";
				TEST_TARGET_NAME = JustDesign;
			};
			name = Debug;
		};
		144550EA25C0593600BE37FD /* Release */ = {
			isa = XCBuildConfiguration;
			buildSettings = {
				ALWAYS_EMBED_SWIFT_STANDARD_LIBRARIES = YES;
				CODE_SIGN_STYLE = Automatic;
				DEVELOPMENT_TEAM = 25K6KWYMFR;
				INFOPLIST_FILE = JustDesignUITests/Info.plist;
				LD_RUNPATH_SEARCH_PATHS = (
					"$(inherited)",
					"@executable_path/Frameworks",
					"@loader_path/Frameworks",
				);
				PRODUCT_BUNDLE_IDENTIFIER = co.cAL.JustDesignUITests;
				PRODUCT_NAME = "$(TARGET_NAME)";
				SWIFT_VERSION = 5.0;
				TARGETED_DEVICE_FAMILY = "1,2";
				TEST_TARGET_NAME = JustDesign;
			};
			name = Release;
		};
/* End XCBuildConfiguration section */

/* Begin XCConfigurationList section */
		144550B025C0593100BE37FD /* Build configuration list for PBXProject "JustDesign" */ = {
			isa = XCConfigurationList;
			buildConfigurations = (
				144550E025C0593600BE37FD /* Debug */,
				144550E125C0593600BE37FD /* Release */,
			);
			defaultConfigurationIsVisible = 0;
			defaultConfigurationName = Release;
		};
		144550E225C0593600BE37FD /* Build configuration list for PBXNativeTarget "JustDesign" */ = {
			isa = XCConfigurationList;
			buildConfigurations = (
				144550E325C0593600BE37FD /* Debug */,
				144550E425C0593600BE37FD /* Release */,
			);
			defaultConfigurationIsVisible = 0;
			defaultConfigurationName = Release;
		};
		144550E525C0593600BE37FD /* Build configuration list for PBXNativeTarget "JustDesignTests" */ = {
			isa = XCConfigurationList;
			buildConfigurations = (
				144550E625C0593600BE37FD /* Debug */,
				144550E725C0593600BE37FD /* Release */,
			);
			defaultConfigurationIsVisible = 0;
			defaultConfigurationName = Release;
		};
		144550E825C0593600BE37FD /* Build configuration list for PBXNativeTarget "JustDesignUITests" */ = {
			isa = XCConfigurationList;
			buildConfigurations = (
				144550E925C0593600BE37FD /* Debug */,
				144550EA25C0593600BE37FD /* Release */,
			);
			defaultConfigurationIsVisible = 0;
			defaultConfigurationName = Release;
		};
/* End XCConfigurationList section */

/* Begin XCVersionGroup section */
		144550C125C0593200BE37FD /* JustDesign.xcdatamodeld */ = {
			isa = XCVersionGroup;
			children = (
				144550C225C0593200BE37FD /* JustDesign.xcdatamodel */,
			);
			currentVersion = 144550C225C0593200BE37FD /* JustDesign.xcdatamodel */;
			path = JustDesign.xcdatamodeld;
			sourceTree = "<group>";
			versionGroupType = wrapper.xcdatamodel;
		};
/* End XCVersionGroup section */
	};
	rootObject = 144550AD25C0593100BE37FD /* Project object */;
}
